
Microsoft Visual Studio Solution File, Format Version 12.00
# Visual Studio Version 16
VisualStudioVersion = 16.0.30114.105
MinimumVisualStudioVersion = 10.0.40219.1
Project("{FAE04EC0-301F-11D3-BF4B-00C04F79EFBC}") = "system", "system\system.csproj", "{4CDAFC76-7771-43E3-888B-C745E7DA43AA}"
EndProject
Project("{FAE04EC0-301F-11D3-BF4B-00C04F79EFBC}") = "data", "data\data.csproj", "{03AA909A-DA9C-4E2C-99A4-8CBF43A71455}"
EndProject
Project("{FAE04EC0-301F-11D3-BF4B-00C04F79EFBC}") = "common", "common\common.csproj", "{A8A88FBE-E3BB-4937-8D0F-BF40969D2398}"
EndProject
Project("{2150E333-8FDC-42A3-9474-1A3956D46DE8}") = "solution-items", "solution-items", "{9D4E0080-A88E-11EC-9974-9729EED5105B}"
	ProjectSection(SolutionItems) = preProject
		data.Dockerfile = data.Dockerfile
		README.md = README.md
		system.Dockerfile = system.Dockerfile
		sample-api.sln = sample-api.sln
		.gitignore = .gitignore
		.dockerignore = .dockerignore
		.docker-run.sh = .docker-run.sh
		.docker-check.sh = .docker-check.sh
		Jenkinsfile = Jenkinsfile
		pipeline_config.groovy = pipeline_config.groovy
	EndProjectSection
EndProject
Project("{2150E333-8FDC-42A3-9474-1A3956D46DE8}") = "tests", "tests", "{F69D68D6-8274-42A8-920E-B18B75B8CB78}"
	ProjectSection(SolutionItems) = preProject
		tests\simple.cs = tests\simple.cs
		tests\tests.csproj = tests\tests.csproj
	EndProjectSection
EndProject
Project("{2150E333-8FDC-42A3-9474-1A3956D46DE8}") = "helm", "helm", "{BA27CFF9-18E9-4CD2-8A1C-2775470D34EC}"
	ProjectSection(SolutionItems) = preProject
		helm\namespace.yaml = helm\namespace.yaml
		helm\ingress.yaml = helm\ingress.yaml
		helm\README.md = helm\README.md
		helm\system.api.yaml = helm\system.api.yaml
		helm\migrations.yaml = helm\migrations.yaml
	EndProjectSection
EndProject
Project("{2150E333-8FDC-42A3-9474-1A3956D46DE8}") = "argocd", "argocd", "{80C4733B-89CB-450A-95B3-CF9BC9E625B5}"
	ProjectSection(SolutionItems) = preProject
		manifests\sample-api\blueGreen.yaml = manifests\sample-api\blueGreen.yaml
		manifests\sample-api\README.md = manifests\sample-api\README.md
		manifests\sample-api\bluegreen-preview-ingress.yaml = manifests\sample-api\bluegreen-preview-ingress.yaml
		manifests\sample-api\bluegreen-ingress.yaml = manifests\sample-api\bluegreen-ingress.yaml
		manifests\sample-api\kustomization.yaml = manifests\sample-api\kustomization.yaml
	EndProjectSection
EndProject
Global
	GlobalSection(SolutionConfigurationPlatforms) = preSolution
		Debug|Any CPU = Debug|Any CPU
		Release|Any CPU = Release|Any CPU
	EndGlobalSection
	GlobalSection(SolutionProperties) = preSolution
		HideSolutionNode = FALSE
	EndGlobalSection
	GlobalSection(ProjectConfigurationPlatforms) = postSolution
		{4CDAFC76-7771-43E3-888B-C745E7DA43AA}.Debug|Any CPU.ActiveCfg = Debug|Any CPU
		{4CDAFC76-7771-43E3-888B-C745E7DA43AA}.Debug|Any CPU.Build.0 = Debug|Any CPU
		{4CDAFC76-7771-43E3-888B-C745E7DA43AA}.Release|Any CPU.ActiveCfg = Release|Any CPU
		{4CDAFC76-7771-43E3-888B-C745E7DA43AA}.Release|Any CPU.Build.0 = Release|Any CPU
		{03AA909A-DA9C-4E2C-99A4-8CBF43A71455}.Debug|Any CPU.ActiveCfg = Debug|Any CPU
		{03AA909A-DA9C-4E2C-99A4-8CBF43A71455}.Debug|Any CPU.Build.0 = Debug|Any CPU
		{03AA909A-DA9C-4E2C-99A4-8CBF43A71455}.Release|Any CPU.ActiveCfg = Release|Any CPU
		{03AA909A-DA9C-4E2C-99A4-8CBF43A71455}.Release|Any CPU.Build.0 = Release|Any CPU
		{A8A88FBE-E3BB-4937-8D0F-BF40969D2398}.Debug|Any CPU.ActiveCfg = Debug|Any CPU
		{A8A88FBE-E3BB-4937-8D0F-BF40969D2398}.Debug|Any CPU.Build.0 = Debug|Any CPU
		{A8A88FBE-E3BB-4937-8D0F-BF40969D2398}.Release|Any CPU.ActiveCfg = Release|Any CPU
		{A8A88FBE-E3BB-4937-8D0F-BF40969D2398}.Release|Any CPU.Build.0 = Release|Any CPU
	EndGlobalSection
EndGlobal
