{
  "version": 4,
  "terraform_version": "1.1.7",
  "serial": 4,
  "lineage": "9228cf6a-0142-bce6-357d-2e82a364f365",
  "outputs": {},
  "resources": [
    {
      "mode": "data",
      "type": "aws_eks_cluster",
      "name": "cluster",
      "provider": "provider[\"registry.terraform.io/hashicorp/aws\"]",
      "instances": [
        {
          "schema_version": 0,
          "attributes": {
            "arn": "arn:aws:eks:us-east-2:503517101544:cluster/sample-api-p0zcdzln",
            "certificate_authority": [
              {
                "data": "LS0tLS1CRUdJTiBDRVJUSUZJQ0FURS0tLS0tCk1JSUM1ekNDQWMrZ0F3SUJBZ0lCQURBTkJna3Foa2lHOXcwQkFRc0ZBREFWTVJNd0VRWURWUVFERXdwcmRXSmwKY201bGRHVnpNQjRYRFRJeU1ETXpNREl4TURVMU5sb1hEVE15TURNeU56SXhNRFUxTmxvd0ZURVRNQkVHQTFVRQpBeE1LYTNWaVpYSnVaWFJsY3pDQ0FTSXdEUVlKS29aSWh2Y05BUUVCQlFBRGdnRVBBRENDQVFvQ2dnRUJBSnV3CkVVSy9MWUpUOHBpVC9HU1lFZGpvMEZtK2phUm1BOExwNy9kL2hXMkg5TWg4LzhZMnNEVVp6ait1ajU5d1JOVWUKZkhtN3ZPcXN6Y1IxN0VhZ1JYZEhoeW9saFhFaU9NUGhtdi92TGFzTTBwU3ZOZGZSZ0FoZE11ZzV1T0N6dVRTMwpzSXV5ZjNRYXVMRDEyWi90c2lGZUY5WnNBTlRqNFR1a1ZxYXVvcllJT1NsWHpSY3NvZG1tMCsrNVdmNWxKdUdtCjg4TWxvVUozN3c1YjB6aWVrQjBLdXIvMkRWQ0wwVitzNVNmdytqaUM5Wi8rdnNQWDZKTlNTazlnRkRjNGhGemkKNHBWdjM0anlEUzBhVk96T21QRnJwQzI1eWY3VFM3YUdoRUxDSHFaODhPYnRuUFFFbUxVK0hIU1ZPRTBhd0UvOQpFbVZLRlNxZStYc2NsSC9HQ0trQ0F3RUFBYU5DTUVBd0RnWURWUjBQQVFIL0JBUURBZ0trTUE4R0ExVWRFd0VCCi93UUZNQU1CQWY4d0hRWURWUjBPQkJZRUZEc2NJOEg4eFJ2WnBXUTFHcmFxckVJTVNPVzZNQTBHQ1NxR1NJYjMKRFFFQkN3VUFBNElCQVFBbTJCMjNWQjZ3MzJDZHlvNDBGaWl4bmVGdkV5OGwzRE1VVlkwTjdqNlRmMVN4U2VUSQowNks3L2RlRk1wQVBsTXlVOHNRZWRNdkFiTm5mVCtGT3ZSMDV1NllybHdlMXpiVVNPd0JJT3d6aUJET3NwY2pFCjhFR1FpeWxhVGk1RDEzdXVQZ09SUWNzWXhMTXhtS3ZMZ3RSUnRZbEFxazF3a3NkeGFqU2xaMmsxN0gzYVZXMVMKWTlRTFZ4VGdnWGVaaEpnWU9pT0laa3ZoV0VYY0x3ZEpRb3VyRmMybTY4cDlLNXBPRUlwMGhkRTRkZkcyZStLTQpFVFZvYVpmWWlmcUNiY20rMXpKS2xMRjF4cXZpdjlDVVVmdTN0K09Hay9BWWJyMXBpY3IvcUtHZEtRa2ZYZmhzCmRqS1NPV2Vxb1E5WVp2d09EWVgzN3pUN0lIVy8wckpSRW91MgotLS0tLUVORCBDRVJUSUZJQ0FURS0tLS0tCg=="
              }
            ],
            "created_at": "2022-03-30 21:00:16.333 +0000 UTC",
            "enabled_cluster_log_types": [],
            "endpoint": "https://C924B0B8725478EFE43744E57FF18B74.gr7.us-east-2.eks.amazonaws.com",
            "id": "sample-api-p0zcdzln",
            "identity": [
              {
                "oidc": [
                  {
                    "issuer": "https://oidc.eks.us-east-2.amazonaws.com/id/C924B0B8725478EFE43744E57FF18B74"
                  }
                ]
              }
            ],
            "kubernetes_network_config": [
              {
                "ip_family": "ipv4",
                "service_ipv4_cidr": "172.20.0.0/16"
              }
            ],
            "name": "sample-api-p0zcdzln",
            "platform_version": "eks.4",
            "role_arn": "arn:aws:iam::503517101544:role/sample-api-p0zcdzln20220330203340690000000003",
            "status": "ACTIVE",
            "tags": {},
            "version": "1.20",
            "vpc_config": [
              {
                "cluster_security_group_id": "sg-0915b10b8812bc612",
                "endpoint_private_access": false,
                "endpoint_public_access": true,
                "public_access_cidrs": [
                  "0.0.0.0/0"
                ],
                "security_group_ids": [
                  "sg-0d76d3d004c80bad5"
                ],
                "subnet_ids": [
                  "subnet-04ea93a16aae0afb3",
                  "subnet-0860173f3559cd159",
                  "subnet-0ef4e52dc8f275b50"
                ],
                "vpc_id": "vpc-0beff1d685e1f82b6"
              }
            ]
          },
          "sensitive_attributes": []
        }
      ]
    },
    {
      "mode": "data",
      "type": "terraform_remote_state",
      "name": "eks",
      "provider": "provider[\"terraform.io/builtin/terraform\"]",
      "instances": [
        {
          "schema_version": 0,
          "attributes": {
            "backend": "local",
            "config": {
              "value": {
                "path": "../eks-cluster/terraform.tfstate"
              },
              "type": [
                "object",
                {
                  "path": "string"
                }
              ]
            },
            "defaults": null,
            "outputs": {
              "value": {
                "cluster_endpoint": "https://C924B0B8725478EFE43744E57FF18B74.gr7.us-east-2.eks.amazonaws.com",
                "cluster_id": "sample-api-p0zcdzln",
                "cluster_name": "sample-api-p0zcdzln",
                "cluster_security_group_id": "sg-0d76d3d004c80bad5",
                "config_map_aws_auth": [
                  {
                    "binary_data": null,
                    "data": {
                      "mapAccounts": "[]\n",
                      "mapRoles": "- \"groups\":\n  - \"system:bootstrappers\"\n  - \"system:nodes\"\n  \"rolearn\": \"arn:aws:iam::503517101544:role/sample-api-p0zcdzln20220330211011353600000005\"\n  \"username\": \"system:node:{{EC2PrivateDNSName}}\"\n",
                      "mapUsers": "[]\n"
                    },
                    "id": "kube-system/aws-auth",
                    "metadata": [
                      {
                        "annotations": null,
                        "generate_name": "",
                        "generation": 0,
                        "labels": {
                          "app.kubernetes.io/managed-by": "Terraform",
                          "terraform.io/module": "terraform-aws-modules.eks.aws"
                        },
                        "name": "aws-auth",
                        "namespace": "kube-system",
                        "resource_version": "742",
                        "uid": "8efe3f22-28db-4d53-814a-b1342a204023"
                      }
                    ]
                  }
                ],
                "kubectl_config": "apiVersion: v1\npreferences: {}\nkind: Config\n\nclusters:\n- cluster:\n    server: https://C924B0B8725478EFE43744E57FF18B74.gr7.us-east-2.eks.amazonaws.com\n    certificate-authority-data: LS0tLS1CRUdJTiBDRVJUSUZJQ0FURS0tLS0tCk1JSUM1ekNDQWMrZ0F3SUJBZ0lCQURBTkJna3Foa2lHOXcwQkFRc0ZBREFWTVJNd0VRWURWUVFERXdwcmRXSmwKY201bGRHVnpNQjRYRFRJeU1ETXpNREl4TURVMU5sb1hEVE15TURNeU56SXhNRFUxTmxvd0ZURVRNQkVHQTFVRQpBeE1LYTNWaVpYSnVaWFJsY3pDQ0FTSXdEUVlKS29aSWh2Y05BUUVCQlFBRGdnRVBBRENDQVFvQ2dnRUJBSnV3CkVVSy9MWUpUOHBpVC9HU1lFZGpvMEZtK2phUm1BOExwNy9kL2hXMkg5TWg4LzhZMnNEVVp6ait1ajU5d1JOVWUKZkhtN3ZPcXN6Y1IxN0VhZ1JYZEhoeW9saFhFaU9NUGhtdi92TGFzTTBwU3ZOZGZSZ0FoZE11ZzV1T0N6dVRTMwpzSXV5ZjNRYXVMRDEyWi90c2lGZUY5WnNBTlRqNFR1a1ZxYXVvcllJT1NsWHpSY3NvZG1tMCsrNVdmNWxKdUdtCjg4TWxvVUozN3c1YjB6aWVrQjBLdXIvMkRWQ0wwVitzNVNmdytqaUM5Wi8rdnNQWDZKTlNTazlnRkRjNGhGemkKNHBWdjM0anlEUzBhVk96T21QRnJwQzI1eWY3VFM3YUdoRUxDSHFaODhPYnRuUFFFbUxVK0hIU1ZPRTBhd0UvOQpFbVZLRlNxZStYc2NsSC9HQ0trQ0F3RUFBYU5DTUVBd0RnWURWUjBQQVFIL0JBUURBZ0trTUE4R0ExVWRFd0VCCi93UUZNQU1CQWY4d0hRWURWUjBPQkJZRUZEc2NJOEg4eFJ2WnBXUTFHcmFxckVJTVNPVzZNQTBHQ1NxR1NJYjMKRFFFQkN3VUFBNElCQVFBbTJCMjNWQjZ3MzJDZHlvNDBGaWl4bmVGdkV5OGwzRE1VVlkwTjdqNlRmMVN4U2VUSQowNks3L2RlRk1wQVBsTXlVOHNRZWRNdkFiTm5mVCtGT3ZSMDV1NllybHdlMXpiVVNPd0JJT3d6aUJET3NwY2pFCjhFR1FpeWxhVGk1RDEzdXVQZ09SUWNzWXhMTXhtS3ZMZ3RSUnRZbEFxazF3a3NkeGFqU2xaMmsxN0gzYVZXMVMKWTlRTFZ4VGdnWGVaaEpnWU9pT0laa3ZoV0VYY0x3ZEpRb3VyRmMybTY4cDlLNXBPRUlwMGhkRTRkZkcyZStLTQpFVFZvYVpmWWlmcUNiY20rMXpKS2xMRjF4cXZpdjlDVVVmdTN0K09Hay9BWWJyMXBpY3IvcUtHZEtRa2ZYZmhzCmRqS1NPV2Vxb1E5WVp2d09EWVgzN3pUN0lIVy8wckpSRW91MgotLS0tLUVORCBDRVJUSUZJQ0FURS0tLS0tCg==\n  name: eks_sample-api-p0zcdzln\n\ncontexts:\n- context:\n    cluster: eks_sample-api-p0zcdzln\n    user: eks_sample-api-p0zcdzln\n  name: eks_sample-api-p0zcdzln\n\ncurrent-context: eks_sample-api-p0zcdzln\n\nusers:\n- name: eks_sample-api-p0zcdzln\n  user:\n    exec:\n      apiVersion: client.authentication.k8s.io/v1alpha1\n      command: aws-iam-authenticator\n      args:\n        - \"token\"\n        - \"-i\"\n        - \"sample-api-p0zcdzln\"\n",
                "region": "us-east-2"
              },
              "type": [
                "object",
                {
                  "cluster_endpoint": "string",
                  "cluster_id": "string",
                  "cluster_name": "string",
                  "cluster_security_group_id": "string",
                  "config_map_aws_auth": [
                    "tuple",
                    [
                      [
                        "object",
                        {
                          "binary_data": [
                            "map",
                            "string"
                          ],
                          "data": [
                            "map",
                            "string"
                          ],
                          "id": "string",
                          "metadata": [
                            "list",
                            [
                              "object",
                              {
                                "annotations": [
                                  "map",
                                  "string"
                                ],
                                "generate_name": "string",
                                "generation": "number",
                                "labels": [
                                  "map",
                                  "string"
                                ],
                                "name": "string",
                                "namespace": "string",
                                "resource_version": "string",
                                "uid": "string"
                              }
                            ]
                          ]
                        }
                      ]
                    ]
                  ],
                  "kubectl_config": "string",
                  "region": "string"
                }
              ]
            },
            "workspace": null
          },
          "sensitive_attributes": []
        }
      ]
    },
    {
      "mode": "managed",
      "type": "kubernetes_namespace",
      "name": "api_cluster",
      "provider": "provider[\"registry.terraform.io/hashicorp/kubernetes\"]",
      "instances": [
        {
          "schema_version": 0,
          "attributes": {
            "id": "develop",
            "metadata": [
              {
                "annotations": null,
                "generate_name": "",
                "generation": 0,
                "labels": null,
                "name": "develop",
                "resource_version": "5127",
                "uid": "7fd2f8b5-ba64-4b02-b00b-bff180ddc717"
              }
            ],
            "timeouts": null
          },
          "sensitive_attributes": [],
          "private": "eyJlMmJmYjczMC1lY2FhLTExZTYtOGY4OC0zNDM2M2JjN2M0YzAiOnsiZGVsZXRlIjozMDAwMDAwMDAwMDB9fQ==",
          "dependencies": [
            "data.aws_eks_cluster.cluster",
            "data.terraform_remote_state.eks"
          ]
        }
      ]
    },
    {
      "module": "module.data-api",
      "mode": "managed",
      "type": "kubernetes_deployment",
      "name": "api_cluster",
      "provider": "provider[\"registry.terraform.io/hashicorp/kubernetes\"]",
      "instances": [
        {
          "status": "tainted",
          "schema_version": 1,
          "attributes": {
            "id": "develop/data-api",
            "metadata": [
              {
                "annotations": null,
                "generate_name": "",
                "generation": 0,
                "labels": null,
                "name": "data-api",
                "namespace": "develop",
                "resource_version": "",
                "uid": ""
              }
            ],
            "spec": [
              {
                "min_ready_seconds": 0,
                "paused": false,
                "progress_deadline_seconds": 600,
                "replicas": "1",
                "revision_history_limit": 10,
                "selector": [
                  {
                    "match_expressions": [],
                    "match_labels": {
                      "msservice": "data-api"
                    }
                  }
                ],
                "strategy": [
                  {
                    "rolling_update": [
                      {
                        "max_surge": "2",
                        "max_unavailable": "1"
                      }
                    ],
                    "type": "RollingUpdate"
                  }
                ],
                "template": [
                  {
                    "metadata": [
                      {
                        "annotations": null,
                        "generate_name": "",
                        "generation": 0,
                        "labels": {
                          "app": "sample-app",
                          "msservice": "data-api"
                        },
                        "name": "",
                        "namespace": "",
                        "resource_version": "",
                        "uid": ""
                      }
                    ],
                    "spec": [
                      {
                        "active_deadline_seconds": 0,
                        "affinity": [],
                        "automount_service_account_token": true,
                        "container": [
                          {
                            "args": null,
                            "command": null,
                            "env": [],
                            "env_from": [],
                            "image": "deadlychambers/soinshane-k8s-data:6.0.1.10",
                            "image_pull_policy": "Always",
                            "lifecycle": [],
                            "liveness_probe": [
                              {
                                "exec": [],
                                "failure_threshold": 3,
                                "http_get": [
                                  {
                                    "host": "",
                                    "http_header": [],
                                    "path": "/System",
                                    "port": "80",
                                    "scheme": "HTTP"
                                  }
                                ],
                                "initial_delay_seconds": 5,
                                "period_seconds": 10,
                                "success_threshold": 1,
                                "tcp_socket": [],
                                "timeout_seconds": 5
                              }
                            ],
                            "name": "data-api",
                            "port": [
                              {
                                "container_port": 80,
                                "host_ip": "",
                                "host_port": 0,
                                "name": "",
                                "protocol": "TCP"
                              },
                              {
                                "container_port": 80,
                                "host_ip": "",
                                "host_port": 0,
                                "name": "",
                                "protocol": "TCP"
                              }
                            ],
                            "readiness_probe": [
                              {
                                "exec": [],
                                "failure_threshold": 3,
                                "http_get": [
                                  {
                                    "host": "",
                                    "http_header": [],
                                    "path": "/System",
                                    "port": "80",
                                    "scheme": "HTTP"
                                  }
                                ],
                                "initial_delay_seconds": 5,
                                "period_seconds": 10,
                                "success_threshold": 1,
                                "tcp_socket": [],
                                "timeout_seconds": 5
                              }
                            ],
                            "resources": [
                              {
                                "limits": {
                                  "cpu": "250m",
                                  "memory": "128Mi"
                                },
                                "requests": {
                                  "cpu": "125m",
                                  "memory": "65Mi"
                                }
                              }
                            ],
                            "security_context": [],
                            "startup_probe": [],
                            "stdin": false,
                            "stdin_once": false,
                            "termination_message_path": "/dev/termination-log",
                            "termination_message_policy": "",
                            "tty": false,
                            "volume_mount": [],
                            "working_dir": ""
                          }
                        ],
                        "dns_config": [],
                        "dns_policy": "ClusterFirst",
                        "enable_service_links": true,
                        "host_aliases": [],
                        "host_ipc": false,
                        "host_network": false,
                        "host_pid": false,
                        "hostname": "",
                        "image_pull_secrets": [],
                        "init_container": [],
                        "node_name": "",
                        "node_selector": null,
                        "priority_class_name": "",
                        "readiness_gate": [],
                        "restart_policy": "Always",
                        "security_context": [],
                        "service_account_name": "",
                        "share_process_namespace": false,
                        "subdomain": "",
                        "termination_grace_period_seconds": 30,
                        "toleration": [],
                        "topology_spread_constraint": [],
                        "volume": []
                      }
                    ]
                  }
                ]
              }
            ],
            "timeouts": null,
            "wait_for_rollout": true
          },
          "sensitive_attributes": [],
          "private": "eyJlMmJmYjczMC1lY2FhLTExZTYtOGY4OC0zNDM2M2JjN2M0YzAiOnsiY3JlYXRlIjo2MDAwMDAwMDAwMDAsImRlbGV0ZSI6NjAwMDAwMDAwMDAwLCJ1cGRhdGUiOjYwMDAwMDAwMDAwMH0sInNjaGVtYV92ZXJzaW9uIjoiMSJ9",
          "dependencies": [
            "data.aws_eks_cluster.cluster",
            "data.terraform_remote_state.eks",
            "kubernetes_namespace.api_cluster"
          ]
        }
      ]
    },
    {
      "module": "module.data-api",
      "mode": "managed",
      "type": "kubernetes_service",
      "name": "api_cluster",
      "provider": "provider[\"registry.terraform.io/hashicorp/kubernetes\"]",
      "instances": []
    },
    {
      "module": "module.system-api",
      "mode": "managed",
      "type": "kubernetes_deployment",
      "name": "api_cluster",
      "provider": "provider[\"registry.terraform.io/hashicorp/kubernetes\"]",
      "instances": [
        {
          "status": "tainted",
          "schema_version": 1,
          "attributes": {
            "id": "develop/system-api",
            "metadata": [
              {
                "annotations": null,
                "generate_name": "",
                "generation": 0,
                "labels": null,
                "name": "system-api",
                "namespace": "develop",
                "resource_version": "",
                "uid": ""
              }
            ],
            "spec": [
              {
                "min_ready_seconds": 0,
                "paused": false,
                "progress_deadline_seconds": 600,
                "replicas": "1",
                "revision_history_limit": 10,
                "selector": [
                  {
                    "match_expressions": [],
                    "match_labels": {
                      "msservice": "system-api"
                    }
                  }
                ],
                "strategy": [
                  {
                    "rolling_update": [
                      {
                        "max_surge": "2",
                        "max_unavailable": "1"
                      }
                    ],
                    "type": "RollingUpdate"
                  }
                ],
                "template": [
                  {
                    "metadata": [
                      {
                        "annotations": null,
                        "generate_name": "",
                        "generation": 0,
                        "labels": {
                          "app": "sample-app",
                          "msservice": "system-api"
                        },
                        "name": "",
                        "namespace": "",
                        "resource_version": "",
                        "uid": ""
                      }
                    ],
                    "spec": [
                      {
                        "active_deadline_seconds": 0,
                        "affinity": [],
                        "automount_service_account_token": true,
                        "container": [
                          {
                            "args": null,
                            "command": null,
                            "env": [],
                            "env_from": [],
                            "image": "deadlychambers/soinshane-k8s-system:6.0.1.11",
                            "image_pull_policy": "Always",
                            "lifecycle": [],
                            "liveness_probe": [
                              {
                                "exec": [],
                                "failure_threshold": 3,
                                "http_get": [
                                  {
                                    "host": "",
                                    "http_header": [],
                                    "path": "/System",
                                    "port": "80",
                                    "scheme": "HTTP"
                                  }
                                ],
                                "initial_delay_seconds": 5,
                                "period_seconds": 10,
                                "success_threshold": 1,
                                "tcp_socket": [],
                                "timeout_seconds": 5
                              }
                            ],
                            "name": "system-api",
                            "port": [
                              {
                                "container_port": 80,
                                "host_ip": "",
                                "host_port": 0,
                                "name": "",
                                "protocol": "TCP"
                              },
                              {
                                "container_port": 80,
                                "host_ip": "",
                                "host_port": 0,
                                "name": "",
                                "protocol": "TCP"
                              }
                            ],
                            "readiness_probe": [
                              {
                                "exec": [],
                                "failure_threshold": 3,
                                "http_get": [
                                  {
                                    "host": "",
                                    "http_header": [],
                                    "path": "/System",
                                    "port": "80",
                                    "scheme": "HTTP"
                                  }
                                ],
                                "initial_delay_seconds": 5,
                                "period_seconds": 10,
                                "success_threshold": 1,
                                "tcp_socket": [],
                                "timeout_seconds": 5
                              }
                            ],
                            "resources": [
                              {
                                "limits": {
                                  "cpu": "250m",
                                  "memory": "128Mi"
                                },
                                "requests": {
                                  "cpu": "125m",
                                  "memory": "65Mi"
                                }
                              }
                            ],
                            "security_context": [],
                            "startup_probe": [],
                            "stdin": false,
                            "stdin_once": false,
                            "termination_message_path": "/dev/termination-log",
                            "termination_message_policy": "",
                            "tty": false,
                            "volume_mount": [],
                            "working_dir": ""
                          }
                        ],
                        "dns_config": [],
                        "dns_policy": "ClusterFirst",
                        "enable_service_links": true,
                        "host_aliases": [],
                        "host_ipc": false,
                        "host_network": false,
                        "host_pid": false,
                        "hostname": "",
                        "image_pull_secrets": [],
                        "init_container": [],
                        "node_name": "",
                        "node_selector": null,
                        "priority_class_name": "",
                        "readiness_gate": [],
                        "restart_policy": "Always",
                        "security_context": [],
                        "service_account_name": "",
                        "share_process_namespace": false,
                        "subdomain": "",
                        "termination_grace_period_seconds": 30,
                        "toleration": [],
                        "topology_spread_constraint": [],
                        "volume": []
                      }
                    ]
                  }
                ]
              }
            ],
            "timeouts": null,
            "wait_for_rollout": true
          },
          "sensitive_attributes": [],
          "private": "eyJlMmJmYjczMC1lY2FhLTExZTYtOGY4OC0zNDM2M2JjN2M0YzAiOnsiY3JlYXRlIjo2MDAwMDAwMDAwMDAsImRlbGV0ZSI6NjAwMDAwMDAwMDAwLCJ1cGRhdGUiOjYwMDAwMDAwMDAwMH0sInNjaGVtYV92ZXJzaW9uIjoiMSJ9",
          "dependencies": [
            "data.aws_eks_cluster.cluster",
            "data.terraform_remote_state.eks",
            "kubernetes_namespace.api_cluster"
          ]
        }
      ]
    },
    {
      "module": "module.system-api",
      "mode": "managed",
      "type": "kubernetes_service",
      "name": "api_cluster",
      "provider": "provider[\"registry.terraform.io/hashicorp/kubernetes\"]",
      "instances": []
    }
  ]
}
